// !$*UTF8*$!
{
	archiveVersion = 1;
	classes = {
	};
	objectVersion = 46;
	objects = {

/* Begin PBXBuildFile section */
		A265BC1B1EB13F54002DF2A6 /* AppDelegate.swift in Sources */ = {isa = PBXBuildFile; fileRef = A265BC1A1EB13F54002DF2A6 /* AppDelegate.swift */; };
		A265BC1D1EB13F54002DF2A6 /* ViewController.swift in Sources */ = {isa = PBXBuildFile; fileRef = A265BC1C1EB13F54002DF2A6 /* ViewController.swift */; };
		A265BC201EB13F54002DF2A6 /* Main.storyboard in Resources */ = {isa = PBXBuildFile; fileRef = A265BC1E1EB13F54002DF2A6 /* Main.storyboard */; };
		A265BC221EB13F54002DF2A6 /* Assets.xcassets in Resources */ = {isa = PBXBuildFile; fileRef = A265BC211EB13F54002DF2A6 /* Assets.xcassets */; };
		A265BC251EB13F54002DF2A6 /* LaunchScreen.storyboard in Resources */ = {isa = PBXBuildFile; fileRef = A265BC231EB13F54002DF2A6 /* LaunchScreen.storyboard */; };
		A2DFFFFF1EB2867F0091383A /* ZoomViewController.swift in Sources */ = {isa = PBXBuildFile; fileRef = A2DFFFFE1EB2867F0091383A /* ZoomViewController.swift */; };
/* End PBXBuildFile section */

/* Begin PBXFileReference section */
		A265BC171EB13F54002DF2A6 /* SlideshowApp.app */ = {isa = PBXFileReference; explicitFileType = wrapper.application; includeInIndex = 0; path = SlideshowApp.app; sourceTree = BUILT_PRODUCTS_DIR; };
		A265BC1A1EB13F54002DF2A6 /* AppDelegate.swift */ = {isa = PBXFileReference; lastKnownFileType = sourcecode.swift; path = AppDelegate.swift; sourceTree = "<group>"; };
		A265BC1C1EB13F54002DF2A6 /* ViewController.swift */ = {isa = PBXFileReference; lastKnownFileType = sourcecode.swift; path = ViewController.swift; sourceTree = "<group>"; };
		A265BC1F1EB13F54002DF2A6 /* Base */ = {isa = PBXFileReference; lastKnownFileType = file.storyboard; name = Base; path = Base.lproj/Main.storyboard; sourceTree = "<group>"; };
		A265BC211EB13F54002DF2A6 /* Assets.xcassets */ = {isa = PBXFileReference; lastKnownFileType = folder.assetcatalog; path = Assets.xcassets; sourceTree = "<group>"; };
		A265BC241EB13F54002DF2A6 /* Base */ = {isa = PBXFileReference; lastKnownFileType = file.storyboard; name = Base; path = Base.lproj/LaunchScreen.storyboard; sourceTree = "<group>"; };
		A265BC261EB13F54002DF2A6 /* Info.plist */ = {isa = PBXFileReference; lastKnownFileType = text.plist.xml; path = Info.plist; sourceTree = "<group>"; };
		A2DFFFFE1EB2867F0091383A /* ZoomViewController.swift */ = {isa = PBXFileReference; fileEncoding = 4; lastKnownFileType = sourcecode.swift; path = ZoomViewController.swift; sourceTree = "<group>"; };
/* End PBXFileReference section */

/* Begin PBXFrameworksBuildPhase section */
		A265BC141EB13F54002DF2A6 /* Frameworks */ = {
			isa = PBXFrameworksBuildPhase;
			buildActionMask = 2147483647;
			files = (
			);
			runOnlyForDeploymentPostprocessing = 0;
		};
/* End PBXFrameworksBuildPhase section */

/* Begin PBXGroup section */
		A265BC0E1EB13F54002DF2A6 = {
			isa = PBXGroup;
			children = (
				A265BC191EB13F54002DF2A6 /* SlideshowApp */,
				A265BC181EB13F54002DF2A6 /* Products */,
			);
			sourceTree = "<group>";
		};
		A265BC181EB13F54002DF2A6 /* Products */ = {
			isa = PBXGroup;
			children = (
				A265BC171EB13F54002DF2A6 /* SlideshowApp.app */,
			);
			name = Products;
			sourceTree = "<group>";
		};
		A265BC191EB13F54002DF2A6 /* SlideshowApp */ = {
			isa = PBXGroup;
			children = (
				A265BC1A1EB13F54002DF2A6 /* AppDelegate.swift */,
				A265BC1C1EB13F54002DF2A6 /* ViewController.swift */,
				A2DFFFFE1EB2867F0091383A /* ZoomViewController.swift */,
				A265BC1E1EB13F54002DF2A6 /* Main.storyboard */,
				A265BC211EB13F54002DF2A6 /* Assets.xcassets */,
				A265BC231EB13F54002DF2A6 /* LaunchScreen.storyboard */,
				A265BC261EB13F54002DF2A6 /* Info.plist */,
			);
			path = SlideshowApp;
			sourceTree = "<group>";
		};
/* End PBXGroup section */

/* Begin PBXNativeTarget section */
		A265BC161EB13F54002DF2A6 /* SlideshowApp */ = {
			isa = PBXNativeTarget;
			buildConfigurationList = A265BC291EB13F54002DF2A6 /* Build configuration list for PBXNativeTarget "SlideshowApp" */;
			buildPhases = (
				A265BC131EB13F54002DF2A6 /* Sources */,
				A265BC141EB13F54002DF2A6 /* Frameworks */,
				A265BC151EB13F54002DF2A6 /* Resources */,
			);
			buildRules = (
			);
			dependencies = (
			);
			name = SlideshowApp;
			productName = SlideshowApp;
			productReference = A265BC171EB13F54002DF2A6 /* SlideshowApp.app */;
			productType = "com.apple.product-type.application";
		};
/* End PBXNativeTarget section */

/* Begin PBXProject section */
		A265BC0F1EB13F54002DF2A6 /* Project object */ = {
			isa = PBXProject;
			attributes = {
				LastSwiftUpdateCheck = 0830;
				LastUpgradeCheck = 0830;
				ORGANIZATIONNAME = konsukeyama;
				TargetAttributes = {
					A265BC161EB13F54002DF2A6 = {
						CreatedOnToolsVersion = 8.3.2;
						ProvisioningStyle = Automatic;
					};
				};
			};
			buildConfigurationList = A265BC121EB13F54002DF2A6 /* Build configuration list for PBXProject "SlideshowApp" */;
			compatibilityVersion = "Xcode 3.2";
			developmentRegion = English;
			hasScannedForEncodings = 0;
			knownRegions = (
				en,
				Base,
			);
			mainGroup = A265BC0E1EB13F54002DF2A6;
			productRefGroup = A265BC181EB13F54002DF2A6 /* Products */;
			projectDirPath = "";
			projectRoot = "";
			targets = (
				A265BC161EB13F54002DF2A6 /* SlideshowApp */,
			);
		};
/* End PBXProject section */

/* Begin PBXResourcesBuildPhase section */
		A265BC151EB13F54002DF2A6 /* Resources */ = {
			isa = PBXResourcesBuildPhase;
			buildActionMask = 2147483647;
			files = (
				A265BC251EB13F54002DF2A6 /* LaunchScreen.storyboard in Resources */,
				A265BC221EB13F54002DF2A6 /* Assets.xcassets in Resources */,
				A265BC201EB13F54002DF2A6 /* Main.storyboard in Resources */,
			);
			runOnlyForDeploymentPostprocessing = 0;
		};
/* End PBXResourcesBuildPhase section */

/* Begin PBXSourcesBuildPhase section */
		A265BC131EB13F54002DF2A6 /* Sources */ = {
			isa = PBXSourcesBuildPhase;
			buildActionMask = 2147483647;
			files = (
				A265BC1D1EB13F54002DF2A6 /* ViewController.swift in Sources */,
				A2DFFFFF1EB2867F0091383A /* ZoomViewController.swift in Sources */,
				A265BC1B1EB13F54002DF2A6 /* AppDelegate.swift in Sources */,
			);
			runOnlyForDeploymentPostprocessing = 0;
		};
/* End PBXSourcesBuildPhase section */

/* Begin PBXVariantGroup section */
		A265BC1E1EB13F54002DF2A6 /* Main.storyboard */ = {
			isa = PBXVariantGroup;
			children = (
				A265BC1F1EB13F54002DF2A6 /* Base */,
			);
			name = Main.storyboard;
			sourceTree = "<group>";
		};
		A265BC231EB13F54002DF2A6 /* LaunchScreen.storyboard */ = {
			isa = PBXVariantGroup;
			children = (
				A265BC241EB13F54002DF2A6 /* Base */,
			);
			name = LaunchScreen.storyboard;
			sourceTree = "<group>";
		};
/* End PBXVariantGroup section */

/* Begin XCBuildConfiguration section */
		A265BC271EB13F54002DF2A6 /* Debug */ = {
			isa = XCBuildConfiguration;
			buildSettings = {
				ALWAYS_SEARCH_USER_PATHS = NO;
				CLANG_ANALYZER_NONNULL = YES;
				CLANG_ANALYZER_NUMBER_OBJECT_CONVERSION = YES_AGGRESSIVE;
				CLANG_CXX_LANGUAGE_STANDARD = "gnu++0x";
				CLANG_CXX_LIBRARY = "libc++";
				CLANG_ENABLE_MODULES = YES;
				CLANG_ENABLE_OBJC_ARC = YES;
				CLANG_WARN_BOOL_CONVERSION = YES;
				CLANG_WARN_CONSTANT_CONVERSION = YES;
				CLANG_WARN_DIRECT_OBJC_ISA_USAGE = YES_ERROR;
				CLANG_WARN_DOCUMENTATION_COMMENTS = YES;
				CLANG_WARN_EMPTY_BODY = YES;
				CLANG_WARN_ENUM_CONVERSION = YES;
				CLANG_WARN_INFINITE_RECURSION = YES;
				CLANG_WARN_INT_CONVERSION = YES;
				CLANG_WARN_OBJC_ROOT_CLASS = YES_ERROR;
				CLANG_WARN_SUSPICIOUS_MOVE = YES;
				CLANG_WARN_UNREACHABLE_CODE = YES;
				CLANG_WARN__DUPLICATE_METHOD_MATCH = YES;
				"CODE_SIGN_IDENTITY[sdk=iphoneos*]" = "iPhone Developer";
				COPY_PHASE_STRIP = NO;
				DEBUG_INFORMATION_FORMAT = dwarf;
				ENABLE_STRICT_OBJC_MSGSEND = YES;
				ENABLE_TESTABILITY = YES;
				GCC_C_LANGUAGE_STANDARD = gnu99;
				GCC_DYNAMIC_NO_PIC = NO;
				GCC_NO_COMMON_BLOCKS = YES;
				GCC_OPTIMIZATION_LEVEL = 0;
				GCC_PREPROCESSOR_DEFINITIONS = (
					"DEBUG=1",
					"$(inherited)",
				);
				GCC_WARN_64_TO_32_BIT_CONVERSION = YES;
				GCC_WARN_ABOUT_RETURN_TYPE = YES_ERROR;
				GCC_WARN_UNDECLARED_SELECTOR = YES;
				GCC_WARN_UNINITIALIZED_AUTOS = YES_AGGRESSIVE;
				GCC_WARN_UNUSED_FUNCTION = YES;
				GCC_WARN_UNUSED_VARIABLE = YES;
				IPHONEOS_DEPLOYMENT_TARGET = 10.3;
				MTL_ENABLE_DEBUG_INFO = YES;
				ONLY_ACTIVE_ARCH = YES;
				SDKROOT = iphoneos;
				SWIFT_ACTIVE_COMPILATION_CONDITIONS = DEBUG;
				SWIFT_OPTIMIZATION_LEVEL = "-Onone";
			};
			name = Debug;
		};
		A265BC281EB13F54002DF2A6 /* Release */ = {
			isa = XCBuildConfiguration;
			buildSettings = {
				ALWAYS_SEARCH_USER_PATHS = NO;
				CLANG_ANALYZER_NONNULL = YES;
				CLANG_ANALYZER_NUMBER_OBJECT_CONVERSION = YES_AGGRESSIVE;
				CLANG_CXX_LANGUAGE_STANDARD = "gnu++0x";
				CLANG_CXX_LIBRARY = "libc++";
				CLANG_ENABLE_MODULES = YES;
				CLANG_ENABLE_OBJC_ARC = YES;
				CLANG_WARN_BOOL_CONVERSION = YES;
				CLANG_WARN_CONSTANT_CONVERSION = YES;
				CLANG_WARN_DIRECT_OBJC_ISA_USAGE = YES_ERROR;
				CLANG_WARN_DOCUMENTATION_COMMENTS = YES;
				CLANG_WARN_EMPTY_BODY = YES;
				CLANG_WARN_ENUM_CONVERSION = YES;
				CLANG_WARN_INFINITE_RECURSION = YES;
				CLANG_WARN_INT_CONVERSION = YES;
				CLANG_WARN_OBJC_ROOT_CLASS = YES_ERROR;
				CLANG_WARN_SUSPICIOUS_MOVE = YES;
				CLANG_WARN_UNREACHABLE_CODE = YES;
				CLANG_WARN__DUPLICATE_METHOD_MATCH = YES;
				"CODE_SIGN_IDENTITY[sdk=iphoneos*]" = "iPhone Developer";
				COPY_PHASE_STRIP = NO;
				DEBUG_INFORMATION_FORMAT = "dwarf-with-dsym";
				ENABLE_NS_ASSERTIONS = NO;
				ENABLE_STRICT_OBJC_MSGSEND = YES;
				GCC_C_LANGUAGE_STANDARD = gnu99;
				GCC_NO_COMMON_BLOCKS = YES;
				GCC_WARN_64_TO_32_BIT_CONVERSION = YES;
				GCC_WARN_ABOUT_RETURN_TYPE = YES_ERROR;
				GCC_WARN_UNDECLARED_SELECTOR = YES;
				GCC_WARN_UNINITIALIZED_AUTOS = YES_AGGRESSIVE;
				GCC_WARN_UNUSED_FUNCTION = YES;
				GCC_WARN_UNUSED_VARIABLE = YES;
				IPHONEOS_DEPLOYMENT_TARGET = 10.3;
				MTL_ENABLE_DEBUG_INFO = NO;
				SDKROOT = iphoneos;
				SWIFT_OPTIMIZATION_LEVEL = "-Owholemodule";
				VALIDATE_PRODUCT = YES;
			};
			name = Release;
		};
		A265BC2A1EB13F54002DF2A6 /* Debug */ = {
			isa = XCBuildConfiguration;
			buildSettings = {
				ASSETCATALOG_COMPILER_APPICON_NAME = AppIcon;
				INFOPLIST_FILE = SlideshowApp/Info.plist;
				LD_RUNPATH_SEARCH_PATHS = "$(inherited) @executable_path/Frameworks";
				PRODUCT_BUNDLE_IDENTIFIER = jp.techacademy.konsukeyama.SlideshowApp;
				PRODUCT_NAME = "$(TARGET_NAME)";
				SWIFT_VERSION = 3.0;
			};
			name = Debug;
		};
		A265BC2B1EB13F54002DF2A6 /* Release */ = {
			isa = XCBuildConfiguration;
			buildSettings = {
				ASSETCATALOG_COMPILER_APPICON_NAME = AppIcon;
				INFOPLIST_FILE = SlideshowApp/Info.plist;
				LD_RUNPATH_SEARCH_PATHS = "$(inherited) @executable_path/Frameworks";
				PRODUCT_BUNDLE_IDENTIFIER = jp.techacademy.konsukeyama.SlideshowApp;
				PRODUCT_NAME = "$(TARGET_NAME)";
				SWIFT_VERSION = 3.0;
			};
			name = Release;
		};
/* End XCBuildConfiguration section */

/* Begin XCConfigurationList section */
		A265BC121EB13F54002DF2A6 /* Build configuration list for PBXProject "SlideshowApp" */ = {
			isa = XCConfigurationList;
			buildConfigurations = (
				A265BC271EB13F54002DF2A6 /* Debug */,
				A265BC281EB13F54002DF2A6 /* Release */,
			);
			defaultConfigurationIsVisible = 0;
			defaultConfigurationName = Release;
		};
		A265BC291EB13F54002DF2A6 /* Build configuration list for PBXNativeTarget "SlideshowApp" */ = {
			isa = XCConfigurationList;
			buildConfigurations = (
				A265BC2A1EB13F54002DF2A6 /* Debug */,
				A265BC2B1EB13F54002DF2A6 /* Release */,
			);
			defaultConfigurationIsVisible = 0;
			defaultConfigurationName = Release;
		};
/* End XCConfigurationList section */
	};
	rootObject = A265BC0F1EB13F54002DF2A6 /* Project object */;
}
